
Microsoft Visual Studio Solution File, Format Version 12.00
# Visual Studio Version 16
VisualStudioVersion = 16.0.30225.117
MinimumVisualStudioVersion = 10.0.40219.1
Project("{FAE04EC0-301F-11D3-BF4B-00C04F79EFBC}") = "WindowsFormsApp105", "WindowsFormsApp105\WindowsFormsApp105.csproj", "{92B47E6E-257B-4613-9F4E-E5D27F1BEF6F}"
EndProject
Global
	GlobalSection(SolutionConfigurationPlatforms) = preSolution
		Debug|Any CPU = Debug|Any CPU
		Release|Any CPU = Release|Any CPU
	EndGlobalSection
	GlobalSection(ProjectConfigurationPlatforms) = postSolution
		{92B47E6E-257B-4613-9F4E-E5D27F1BEF6F}.Debug|Any CPU.ActiveCfg = Debug|Any CPU
		{92B47E6E-257B-4613-9F4E-E5D27F1BEF6F}.Debug|Any CPU.Build.0 = Debug|Any CPU
		{92B47E6E-257B-4613-9F4E-E5D27F1BEF6F}.Release|Any CPU.ActiveCfg = Release|Any CPU
		{92B47E6E-257B-4613-9F4E-E5D27F1BEF6F}.Release|Any CPU.Build.0 = Release|Any CPU
	EndGlobalSection
	GlobalSection(SolutionProperties) = preSolution
		HideSolutionNode = FALSE
	EndGlobalSection
	GlobalSection(ExtensibilityGlobals) = postSolution
		SolutionGuid = {F822ADFA-7425-4E03-8136-03005D900826}
	EndGlobalSection
EndGlobal
